
Microsoft Visual Studio Solution File, Format Version 12.00
# Visual Studio 15
VisualStudioVersion = 15.0.28010.2026
MinimumVisualStudioVersion = 10.0.40219.1
Project("{8BC9CEB8-8B4A-11D0-8D11-00A0C91BC942}") = "Main Lab 5 - Hot Plate Trevor Schmidt", "Main Lab 5 - Hot Plate Trevor Schmidt\Main Lab 5 - Hot Plate Trevor Schmidt.vcxproj", "{CCDC4E63-4F2F-43B4-9FB0-058E37C68589}"
EndProject
Global
	GlobalSection(SolutionConfigurationPlatforms) = preSolution
		Debug|x64 = Debug|x64
		Debug|x86 = Debug|x86
		Release|x64 = Release|x64
		Release|x86 = Release|x86
	EndGlobalSection
	GlobalSection(ProjectConfigurationPlatforms) = postSolution
		{CCDC4E63-4F2F-43B4-9FB0-058E37C68589}.Debug|x64.ActiveCfg = Debug|x64
		{CCDC4E63-4F2F-43B4-9FB0-058E37C68589}.Debug|x64.Build.0 = Debug|x64
		{CCDC4E63-4F2F-43B4-9FB0-058E37C68589}.Debug|x86.ActiveCfg = Debug|Win32
		{CCDC4E63-4F2F-43B4-9FB0-058E37C68589}.Debug|x86.Build.0 = Debug|Win32
		{CCDC4E63-4F2F-43B4-9FB0-058E37C68589}.Release|x64.ActiveCfg = Release|x64
		{CCDC4E63-4F2F-43B4-9FB0-058E37C68589}.Release|x64.Build.0 = Release|x64
		{CCDC4E63-4F2F-43B4-9FB0-058E37C68589}.Release|x86.ActiveCfg = Release|Win32
		{CCDC4E63-4F2F-43B4-9FB0-058E37C68589}.Release|x86.Build.0 = Release|Win32
	EndGlobalSection
	GlobalSection(SolutionProperties) = preSolution
		HideSolutionNode = FALSE
	EndGlobalSection
	GlobalSection(ExtensibilityGlobals) = postSolution
		SolutionGuid = {C3A79790-32FF-4C8C-A8E5-EEEAB821D28E}
	EndGlobalSection
EndGlobal
